<?xml version="1.0" encoding="utf-8"?>
<Project ToolsVersion="4.0" xmlns="http://schemas.microsoft.com/developer/msbuild/2003">
  <ItemGroup>
    <ClCompile Include="com.cpp" />
    <ClCompile Include="configure.cpp" />
    <ClCompile Include="dllmain.cpp" />
    <ClCompile Include="downtask.cpp" />
    <ClCompile Include="encryption.cpp" />
    <ClCompile Include="export.cpp" />
    <ClCompile Include="Global.cpp" />
    <ClCompile Include="pchacker.cpp" />
    <ClCompile Include="process.cpp" />
    <ClCompile Include="Setup.cpp" />
    <ClCompile Include="stdafx.cpp" />
    <ClCompile Include="taskman.cpp" />
    <ClCompile Include="win.cpp" />
    <ClCompile Include="zip.cpp" />
    <ClCompile Include="libuvpp\client.cpp">
      <Filter>libuvpp</Filter>
    </ClCompile>
    <ClCompile Include="libuvpp\libuv.cpp">
      <Filter>libuvpp</Filter>
    </ClCompile>
    <ClCompile Include="libuvpp\server.cpp">
      <Filter>libuvpp</Filter>
    </ClCompile>
    <ClCompile Include="libuvpp\session.cpp">
      <Filter>libuvpp</Filter>
    </ClCompile>
    <ClCompile Include="libcurlpp\base.cpp">
      <Filter>libcurlpp</Filter>
    </ClCompile>
    <ClCompile Include="libcurlpp\cache.cpp">
      <Filter>libcurlpp</Filter>
    </ClCompile>
    <ClCompile Include="libcurlpp\libcurlpp.cpp">
      <Filter>libcurlpp</Filter>
    </ClCompile>
    <ClCompile Include="libcurlpp\request.cpp">
      <Filter>libcurlpp</Filter>
    </ClCompile>
    <ClCompile Include="libcurlpp\response.cpp">
      <Filter>libcurlpp</Filter>
    </ClCompile>
    <ClCompile Include="libcurlpp\perform.cpp">
      <Filter>libcurlpp</Filter>
    </ClCompile>
  </ItemGroup>
  <ItemGroup>
    <ClInclude Include="com.h" />
    <ClInclude Include="configure.h" />
    <ClInclude Include="downtask.h" />
    <ClInclude Include="encryption.h" />
    <ClInclude Include="export.h" />
    <ClInclude Include="Global.h" />
    <ClInclude Include="local.h" />
    <ClInclude Include="pchacker.h" />
    <ClInclude Include="Setup.h" />
    <ClInclude Include="stdafx.h" />
    <ClInclude Include="taskman.h" />
    <ClInclude Include="win.h" />
    <ClInclude Include="zip.h" />
    <ClInclude Include="libuvpp\client.h">
      <Filter>libuvpp</Filter>
    </ClInclude>
    <ClInclude Include="libuvpp\libuv.h">
      <Filter>libuvpp</Filter>
    </ClInclude>
    <ClInclude Include="libuvpp\server.h">
      <Filter>libuvpp</Filter>
    </ClInclude>
    <ClInclude Include="libuvpp\session.h">
      <Filter>libuvpp</Filter>
    </ClInclude>
    <ClInclude Include="libcurlpp\base.h">
      <Filter>libcurlpp</Filter>
    </ClInclude>
    <ClInclude Include="libcurlpp\cache.h">
      <Filter>libcurlpp</Filter>
    </ClInclude>
    <ClInclude Include="libcurlpp\libcurlpp.h">
      <Filter>libcurlpp</Filter>
    </ClInclude>
    <ClInclude Include="libcurlpp\request.h">
      <Filter>libcurlpp</Filter>
    </ClInclude>
    <ClInclude Include="libcurlpp\response.h">
      <Filter>libcurlpp</Filter>
    </ClInclude>
  </ItemGroup>
  <ItemGroup>
    <None Include="pchacker.def" />
  </ItemGroup>
  <ItemGroup>
    <Filter Include="libuvpp">
      <UniqueIdentifier>{3e3f5e35-f7d7-4a9b-9d83-67670e2cd90b}</UniqueIdentifier>
    </Filter>
    <Filter Include="libcurlpp">
      <UniqueIdentifier>{52d37173-16c3-4d9b-95b0-f7ed2cee7974}</UniqueIdentifier>
    </Filter>
  </ItemGroup>
</Project>